
Microsoft Visual Studio Solution File, Format Version 12.00
# Visual Studio Version 17
VisualStudioVersion = 17.14.36623.8 d17.14
MinimumVisualStudioVersion = 10.0.40219.1
Project("{FAE04EC0-301F-11D3-BF4B-00C04F79EFBC}") = "Zoologico_Modelos", "Zoologico_Modelos.csproj", "{AC56BB56-2B9E-430E-B112-A2CD14C15AD7}"
EndProject
Project("{FAE04EC0-301F-11D3-BF4B-00C04F79EFBC}") = "Zoologico.API", "..\Zoologico.API\Zoologico.API.csproj", "{82510686-583D-43FC-9320-4723CDC74A85}"
EndProject
Global
	GlobalSection(SolutionConfigurationPlatforms) = preSolution
		Debug|Any CPU = Debug|Any CPU
		Release|Any CPU = Release|Any CPU
	EndGlobalSection
	GlobalSection(ProjectConfigurationPlatforms) = postSolution
		{AC56BB56-2B9E-430E-B112-A2CD14C15AD7}.Debug|Any CPU.ActiveCfg = Debug|Any CPU
		{AC56BB56-2B9E-430E-B112-A2CD14C15AD7}.Debug|Any CPU.Build.0 = Debug|Any CPU
		{AC56BB56-2B9E-430E-B112-A2CD14C15AD7}.Release|Any CPU.ActiveCfg = Release|Any CPU
		{AC56BB56-2B9E-430E-B112-A2CD14C15AD7}.Release|Any CPU.Build.0 = Release|Any CPU
		{82510686-583D-43FC-9320-4723CDC74A85}.Debug|Any CPU.ActiveCfg = Debug|Any CPU
		{82510686-583D-43FC-9320-4723CDC74A85}.Debug|Any CPU.Build.0 = Debug|Any CPU
		{82510686-583D-43FC-9320-4723CDC74A85}.Release|Any CPU.ActiveCfg = Release|Any CPU
		{82510686-583D-43FC-9320-4723CDC74A85}.Release|Any CPU.Build.0 = Release|Any CPU
	EndGlobalSection
	GlobalSection(SolutionProperties) = preSolution
		HideSolutionNode = FALSE
	EndGlobalSection
	GlobalSection(ExtensibilityGlobals) = postSolution
		SolutionGuid = {43D2489D-ED79-4343-BC31-765315ADC812}
	EndGlobalSection
EndGlobal
